
Microsoft Visual Studio Solution File, Format Version 12.00
# Visual Studio Version 17
VisualStudioVersion = 17.6.33513.286
MinimumVisualStudioVersion = 10.0.40219.1
Project("{FAE04EC0-301F-11D3-BF4B-00C04F79EFBC}") = "HalloSingelton", "HalloSingelton\HalloSingelton.csproj", "{169FC9F9-C788-4EB9-B948-153E254A710F}"
EndProject
Global
	GlobalSection(SolutionConfigurationPlatforms) = preSolution
		Debug|Any CPU = Debug|Any CPU
		Release|Any CPU = Release|Any CPU
	EndGlobalSection
	GlobalSection(ProjectConfigurationPlatforms) = postSolution
		{169FC9F9-C788-4EB9-B948-153E254A710F}.Debug|Any CPU.ActiveCfg = Debug|Any CPU
		{169FC9F9-C788-4EB9-B948-153E254A710F}.Debug|Any CPU.Build.0 = Debug|Any CPU
		{169FC9F9-C788-4EB9-B948-153E254A710F}.Release|Any CPU.ActiveCfg = Release|Any CPU
		{169FC9F9-C788-4EB9-B948-153E254A710F}.Release|Any CPU.Build.0 = Release|Any CPU
	EndGlobalSection
	GlobalSection(SolutionProperties) = preSolution
		HideSolutionNode = FALSE
	EndGlobalSection
	GlobalSection(ExtensibilityGlobals) = postSolution
		SolutionGuid = {1EBF33EA-DBB6-466F-820C-57F85F2C1CEC}
	EndGlobalSection
EndGlobal
